{
  "nodes": {
    "approxmc": {
      "inputs": {
        "arjun": "arjun",
        "cryptominisat": "cryptominisat_2",
        "nixpkgs": [
          "nixpkgs"
        ],
        "sbva": "sbva_2"
      },
      "locked": {
        "lastModified": 1757924913,
        "narHash": "sha256-HXSIGhwj6IV88by8KVHYFcG/bXKPfR2UlljOLO9hHbE=",
        "owner": "meelgroup",
        "repo": "approxmc",
        "rev": "8ed7d95ce7606eced517dab59474fd92e992afe2",
        "type": "github"
      },
      "original": {
        "owner": "meelgroup",
        "ref": "master",
        "repo": "approxmc",
        "type": "github"
      }
    },
    "arjun": {
      "inputs": {
        "cadiback": "cadiback",
        "cadical": "cadical_2",
        "cryptominisat": "cryptominisat",
        "nixpkgs": [
          "approxmc",
          "nixpkgs"
        ],
        "sbva": "sbva"
      },
      "locked": {
        "lastModified": 1757923357,
        "narHash": "sha256-E9RSoIkHaoRx0xDHCF19ObkPB90zq9Re++KK2L8Nhhk=",
        "owner": "meelgroup",
        "repo": "arjun",
        "rev": "4b42be4bb239e2771026b9dfb658ffc0f0371e94",
        "type": "github"
      },
      "original": {
        "owner": "meelgroup",
        "ref": "master",
        "repo": "arjun",
        "type": "github"
      }
    },
    "arjun_2": {
      "inputs": {
        "cadiback": "cadiback_4",
        "cadical": "cadical_8",
        "cryptominisat": "cryptominisat_3",
        "nixpkgs": [
          "nixpkgs"
        ],
        "sbva": "sbva_3"
      },
      "locked": {
        "lastModified": 1757923357,
        "narHash": "sha256-E9RSoIkHaoRx0xDHCF19ObkPB90zq9Re++KK2L8Nhhk=",
        "owner": "meelgroup",
        "repo": "arjun",
        "rev": "4b42be4bb239e2771026b9dfb658ffc0f0371e94",
        "type": "github"
      },
      "original": {
        "owner": "meelgroup",
        "ref": "master",
        "repo": "arjun",
        "type": "github"
      }
    },
    "breakid": {
      "inputs": {
        "nixpkgs": [
          "nixpkgs"
        ]
      },
      "locked": {
        "lastModified": 1750282170,
        "narHash": "sha256-OtZ9Gvv1jkP4BJPwkCc7wVwGXt3jucMhn+AMr9mTqTo=",
        "owner": "meelgroup",
        "repo": "breakid",
        "rev": "dee9744b7041cec373aa0489128b06a40fce43a1",
        "type": "github"
      },
      "original": {
        "owner": "meelgroup",
        "ref": "master",
        "repo": "breakid",
        "type": "github"
      }
    },
    "cadiback": {
      "inputs": {
        "cadical": "cadical",
        "nixpkgs": [
          "approxmc",
          "arjun",
          "nixpkgs"
        ]
      },
      "locked": {
        "lastModified": 1757922460,
        "narHash": "sha256-sRN+pI9poTlpSdvZf2L3CBLxuC5ZLjQ+J5m3bUQG83M=",
        "owner": "meelgroup",
        "repo": "cadiback",
        "rev": "cb090f5bf43c753634ab6b00922a466cf4e7af1b",
        "type": "github"
      },
      "original": {
        "owner": "meelgroup",
        "ref": "synthesis",
        "repo": "cadiback",
        "type": "github"
      }
    },
    "cadiback_2": {
      "inputs": {
        "cadical": "cadical_3",
        "nixpkgs": [
          "approxmc",
          "arjun",
          "cryptominisat",
          "nixpkgs"
        ]
      },
      "locked": {
        "lastModified": 1757922460,
        "narHash": "sha256-sRN+pI9poTlpSdvZf2L3CBLxuC5ZLjQ+J5m3bUQG83M=",
        "owner": "meelgroup",
        "repo": "cadiback",
        "rev": "cb090f5bf43c753634ab6b00922a466cf4e7af1b",
        "type": "github"
      },
      "original": {
        "owner": "meelgroup",
        "ref": "synthesis",
        "repo": "cadiback",
        "type": "github"
      }
    },
    "cadiback_3": {
      "inputs": {
        "cadical": "cadical_5",
        "nixpkgs": [
          "approxmc",
          "cryptominisat",
          "nixpkgs"
        ]
      },
      "locked": {
        "lastModified": 1757922460,
        "narHash": "sha256-sRN+pI9poTlpSdvZf2L3CBLxuC5ZLjQ+J5m3bUQG83M=",
        "owner": "meelgroup",
        "repo": "cadiback",
        "rev": "cb090f5bf43c753634ab6b00922a466cf4e7af1b",
        "type": "github"
      },
      "original": {
        "owner": "meelgroup",
        "ref": "synthesis",
        "repo": "cadiback",
        "type": "github"
      }
    },
    "cadiback_4": {
      "inputs": {
        "cadical": "cadical_7",
        "nixpkgs": [
          "arjun",
          "nixpkgs"
        ]
      },
      "locked": {
        "lastModified": 1757922460,
        "narHash": "sha256-sRN+pI9poTlpSdvZf2L3CBLxuC5ZLjQ+J5m3bUQG83M=",
        "owner": "meelgroup",
        "repo": "cadiback",
        "rev": "cb090f5bf43c753634ab6b00922a466cf4e7af1b",
        "type": "github"
      },
      "original": {
        "owner": "meelgroup",
        "ref": "synthesis",
        "repo": "cadiback",
        "type": "github"
      }
    },
    "cadiback_5": {
      "inputs": {
        "cadical": "cadical_9",
        "nixpkgs": [
          "arjun",
          "cryptominisat",
          "nixpkgs"
        ]
      },
      "locked": {
        "lastModified": 1757922460,
        "narHash": "sha256-sRN+pI9poTlpSdvZf2L3CBLxuC5ZLjQ+J5m3bUQG83M=",
        "owner": "meelgroup",
        "repo": "cadiback",
        "rev": "cb090f5bf43c753634ab6b00922a466cf4e7af1b",
        "type": "github"
      },
      "original": {
        "owner": "meelgroup",
        "ref": "synthesis",
        "repo": "cadiback",
        "type": "github"
      }
    },
    "cadiback_6": {
      "inputs": {
        "cadical": "cadical_11",
        "nixpkgs": [
          "cryptominisat",
          "nixpkgs"
        ]
      },
      "locked": {
        "lastModified": 1757922460,
        "narHash": "sha256-sRN+pI9poTlpSdvZf2L3CBLxuC5ZLjQ+J5m3bUQG83M=",
        "owner": "meelgroup",
        "repo": "cadiback",
        "rev": "cb090f5bf43c753634ab6b00922a466cf4e7af1b",
        "type": "github"
      },
      "original": {
        "owner": "meelgroup",
        "ref": "synthesis",
        "repo": "cadiback",
        "type": "github"
      }
    },
    "cadical": {
      "inputs": {
        "nixpkgs": [
          "approxmc",
          "arjun",
          "cadiback",
          "nixpkgs"
        ]
      },
      "locked": {
        "lastModified": 1757922300,
        "narHash": "sha256-UPOj68NwQQell2tZROPOVP6H+PK37lEHj2o6topX3tA=",
        "owner": "meelgroup",
        "repo": "cadical",
        "rev": "9fdd909a08430d309fe7c8cd2bf2e7074b939eec",
        "type": "github"
      },
      "original": {
        "owner": "meelgroup",
        "ref": "add_dynamic_lib",
        "repo": "cadical",
        "type": "github"
      }
    },
    "cadical_10": {
      "inputs": {
        "nixpkgs": [
          "arjun",
          "cryptominisat",
          "nixpkgs"
        ]
      },
      "locked": {
        "lastModified": 1757922300,
        "narHash": "sha256-UPOj68NwQQell2tZROPOVP6H+PK37lEHj2o6topX3tA=",
        "owner": "meelgroup",
        "repo": "cadical",
        "rev": "9fdd909a08430d309fe7c8cd2bf2e7074b939eec",
        "type": "github"
      },
      "original": {
        "owner": "meelgroup",
        "ref": "add_dynamic_lib",
        "repo": "cadical",
        "type": "github"
      }
    },
    "cadical_11": {
      "inputs": {
        "nixpkgs": [
          "cryptominisat",
          "cadiback",
          "nixpkgs"
        ]
      },
      "locked": {
        "lastModified": 1757922300,
        "narHash": "sha256-UPOj68NwQQell2tZROPOVP6H+PK37lEHj2o6topX3tA=",
        "owner": "meelgroup",
        "repo": "cadical",
        "rev": "9fdd909a08430d309fe7c8cd2bf2e7074b939eec",
        "type": "github"
      },
      "original": {
        "owner": "meelgroup",
        "ref": "add_dynamic_lib",
        "repo": "cadical",
        "type": "github"
      }
    },
    "cadical_12": {
      "inputs": {
        "nixpkgs": [
          "cryptominisat",
          "nixpkgs"
        ]
      },
      "locked": {
        "lastModified": 1757922300,
        "narHash": "sha256-UPOj68NwQQell2tZROPOVP6H+PK37lEHj2o6topX3tA=",
        "owner": "meelgroup",
        "repo": "cadical",
        "rev": "9fdd909a08430d309fe7c8cd2bf2e7074b939eec",
        "type": "github"
      },
      "original": {
        "owner": "meelgroup",
        "ref": "add_dynamic_lib",
        "repo": "cadical",
        "type": "github"
      }
    },
    "cadical_2": {
      "inputs": {
        "nixpkgs": [
          "approxmc",
          "arjun",
          "nixpkgs"
        ]
      },
      "locked": {
        "lastModified": 1757922300,
        "narHash": "sha256-UPOj68NwQQell2tZROPOVP6H+PK37lEHj2o6topX3tA=",
        "owner": "meelgroup",
        "repo": "cadical",
        "rev": "9fdd909a08430d309fe7c8cd2bf2e7074b939eec",
        "type": "github"
      },
      "original": {
        "owner": "meelgroup",
        "ref": "add_dynamic_lib",
        "repo": "cadical",
        "type": "github"
      }
    },
    "cadical_3": {
      "inputs": {
        "nixpkgs": [
          "approxmc",
          "arjun",
          "cryptominisat",
          "cadiback",
          "nixpkgs"
        ]
      },
      "locked": {
        "lastModified": 1757922300,
        "narHash": "sha256-UPOj68NwQQell2tZROPOVP6H+PK37lEHj2o6topX3tA=",
        "owner": "meelgroup",
        "repo": "cadical",
        "rev": "9fdd909a08430d309fe7c8cd2bf2e7074b939eec",
        "type": "github"
      },
      "original": {
        "owner": "meelgroup",
        "ref": "add_dynamic_lib",
        "repo": "cadical",
        "type": "github"
      }
    },
    "cadical_4": {
      "inputs": {
        "nixpkgs": [
          "approxmc",
          "arjun",
          "cryptominisat",
          "nixpkgs"
        ]
      },
      "locked": {
        "lastModified": 1757922300,
        "narHash": "sha256-UPOj68NwQQell2tZROPOVP6H+PK37lEHj2o6topX3tA=",
        "owner": "meelgroup",
        "repo": "cadical",
        "rev": "9fdd909a08430d309fe7c8cd2bf2e7074b939eec",
        "type": "github"
      },
      "original": {
        "owner": "meelgroup",
        "ref": "add_dynamic_lib",
        "repo": "cadical",
        "type": "github"
      }
    },
    "cadical_5": {
      "inputs": {
        "nixpkgs": [
          "approxmc",
          "cryptominisat",
          "cadiback",
          "nixpkgs"
        ]
      },
      "locked": {
        "lastModified": 1757922300,
        "narHash": "sha256-UPOj68NwQQell2tZROPOVP6H+PK37lEHj2o6topX3tA=",
        "owner": "meelgroup",
        "repo": "cadical",
        "rev": "9fdd909a08430d309fe7c8cd2bf2e7074b939eec",
        "type": "github"
      },
      "original": {
        "owner": "meelgroup",
        "ref": "add_dynamic_lib",
        "repo": "cadical",
        "type": "github"
      }
    },
    "cadical_6": {
      "inputs": {
        "nixpkgs": [
          "approxmc",
          "cryptominisat",
          "nixpkgs"
        ]
      },
      "locked": {
        "lastModified": 1757922300,
        "narHash": "sha256-UPOj68NwQQell2tZROPOVP6H+PK37lEHj2o6topX3tA=",
        "owner": "meelgroup",
        "repo": "cadical",
        "rev": "9fdd909a08430d309fe7c8cd2bf2e7074b939eec",
        "type": "github"
      },
      "original": {
        "owner": "meelgroup",
        "ref": "add_dynamic_lib",
        "repo": "cadical",
        "type": "github"
      }
    },
    "cadical_7": {
      "inputs": {
        "nixpkgs": [
          "arjun",
          "cadiback",
          "nixpkgs"
        ]
      },
      "locked": {
        "lastModified": 1757922300,
        "narHash": "sha256-UPOj68NwQQell2tZROPOVP6H+PK37lEHj2o6topX3tA=",
        "owner": "meelgroup",
        "repo": "cadical",
        "rev": "9fdd909a08430d309fe7c8cd2bf2e7074b939eec",
        "type": "github"
      },
      "original": {
        "owner": "meelgroup",
        "ref": "add_dynamic_lib",
        "repo": "cadical",
        "type": "github"
      }
    },
    "cadical_8": {
      "inputs": {
        "nixpkgs": [
          "arjun",
          "nixpkgs"
        ]
      },
      "locked": {
        "lastModified": 1757922300,
        "narHash": "sha256-UPOj68NwQQell2tZROPOVP6H+PK37lEHj2o6topX3tA=",
        "owner": "meelgroup",
        "repo": "cadical",
        "rev": "9fdd909a08430d309fe7c8cd2bf2e7074b939eec",
        "type": "github"
      },
      "original": {
        "owner": "meelgroup",
        "ref": "add_dynamic_lib",
        "repo": "cadical",
        "type": "github"
      }
    },
    "cadical_9": {
      "inputs": {
        "nixpkgs": [
          "arjun",
          "cryptominisat",
          "cadiback",
          "nixpkgs"
        ]
      },
      "locked": {
        "lastModified": 1757922300,
        "narHash": "sha256-UPOj68NwQQell2tZROPOVP6H+PK37lEHj2o6topX3tA=",
        "owner": "meelgroup",
        "repo": "cadical",
        "rev": "9fdd909a08430d309fe7c8cd2bf2e7074b939eec",
        "type": "github"
      },
      "original": {
        "owner": "meelgroup",
        "ref": "add_dynamic_lib",
        "repo": "cadical",
        "type": "github"
      }
    },
    "cryptominisat": {
      "inputs": {
        "cadiback": "cadiback_2",
        "cadical": "cadical_4",
        "nixpkgs": [
          "approxmc",
          "arjun",
          "nixpkgs"
        ]
      },
      "locked": {
        "lastModified": 1757922729,
        "narHash": "sha256-mfK6cH5FYWIaglQFBCe5BhwtVCrG31tYhifvcAmQLlY=",
        "owner": "msoos",
        "repo": "cryptominisat",
        "rev": "f66a06e9c4ada9f85441be892d1b042ce4d9ee2e",
        "type": "github"
      },
      "original": {
        "owner": "msoos",
        "ref": "master",
        "repo": "cryptominisat",
        "type": "github"
      }
    },
    "cryptominisat_2": {
      "inputs": {
        "cadiback": "cadiback_3",
        "cadical": "cadical_6",
        "nixpkgs": [
          "approxmc",
          "nixpkgs"
        ]
      },
      "locked": {
        "lastModified": 1757922729,
        "narHash": "sha256-mfK6cH5FYWIaglQFBCe5BhwtVCrG31tYhifvcAmQLlY=",
        "owner": "msoos",
        "repo": "cryptominisat",
        "rev": "f66a06e9c4ada9f85441be892d1b042ce4d9ee2e",
        "type": "github"
      },
      "original": {
        "owner": "msoos",
        "ref": "master",
        "repo": "cryptominisat",
        "type": "github"
      }
    },
    "cryptominisat_3": {
      "inputs": {
        "cadiback": "cadiback_5",
        "cadical": "cadical_10",
        "nixpkgs": [
          "arjun",
          "nixpkgs"
        ]
      },
      "locked": {
        "lastModified": 1757922729,
        "narHash": "sha256-mfK6cH5FYWIaglQFBCe5BhwtVCrG31tYhifvcAmQLlY=",
        "owner": "msoos",
        "repo": "cryptominisat",
        "rev": "f66a06e9c4ada9f85441be892d1b042ce4d9ee2e",
        "type": "github"
      },
      "original": {
        "owner": "msoos",
        "ref": "master",
        "repo": "cryptominisat",
        "type": "github"
      }
    },
    "cryptominisat_4": {
      "inputs": {
        "cadiback": "cadiback_6",
        "cadical": "cadical_12",
        "nixpkgs": [
          "nixpkgs"
        ]
      },
      "locked": {
        "lastModified": 1757922729,
        "narHash": "sha256-mfK6cH5FYWIaglQFBCe5BhwtVCrG31tYhifvcAmQLlY=",
        "owner": "msoos",
        "repo": "cryptominisat",
        "rev": "f66a06e9c4ada9f85441be892d1b042ce4d9ee2e",
        "type": "github"
      },
      "original": {
        "owner": "msoos",
        "ref": "master",
        "repo": "cryptominisat",
        "type": "github"
      }
    },
    "nixpkgs": {
      "locked": {
        "lastModified": 1757843276,
        "narHash": "sha256-GNqrHTSABo9Fwvhcgq4hy4Us5OY368gIEJCI48lBWhM=",
        "owner": "nixos",
        "repo": "nixpkgs",
        "rev": "af745796c2755d6f3a6d835967862184d53a17ff",
        "type": "github"
      },
      "original": {
        "owner": "nixos",
        "ref": "nixpkgs-unstable",
        "repo": "nixpkgs",
        "type": "github"
      }
    },
    "root": {
      "inputs": {
        "approxmc": "approxmc",
        "arjun": "arjun_2",
        "breakid": "breakid",
        "cryptominisat": "cryptominisat_4",
        "nixpkgs": "nixpkgs",
        "sbva": "sbva_4"
      }
    },
    "sbva": {
      "inputs": {
        "nixpkgs": [
          "approxmc",
          "arjun",
          "nixpkgs"
        ]
      },
      "locked": {
        "lastModified": 1750281996,
        "narHash": "sha256-/C1xwrqXpcVJZlfswEnA4APRv0l1XvKaai/IYiyXE0w=",
        "owner": "meelgroup",
        "repo": "sbva",
        "rev": "0faa08cf3cc26ed855831c9dc16a3489c9ae010f",
        "type": "github"
      },
      "original": {
        "owner": "meelgroup",
        "ref": "master",
        "repo": "sbva",
        "type": "github"
      }
    },
    "sbva_2": {
      "inputs": {
        "nixpkgs": [
          "approxmc",
          "nixpkgs"
        ]
      },
      "locked": {
        "lastModified": 1750281996,
        "narHash": "sha256-/C1xwrqXpcVJZlfswEnA4APRv0l1XvKaai/IYiyXE0w=",
        "owner": "meelgroup",
        "repo": "sbva",
        "rev": "0faa08cf3cc26ed855831c9dc16a3489c9ae010f",
        "type": "github"
      },
      "original": {
        "owner": "meelgroup",
        "ref": "master",
        "repo": "sbva",
        "type": "github"
      }
    },
    "sbva_3": {
      "inputs": {
        "nixpkgs": [
          "arjun",
          "nixpkgs"
        ]
      },
      "locked": {
        "lastModified": 1750281996,
        "narHash": "sha256-/C1xwrqXpcVJZlfswEnA4APRv0l1XvKaai/IYiyXE0w=",
        "owner": "meelgroup",
        "repo": "sbva",
        "rev": "0faa08cf3cc26ed855831c9dc16a3489c9ae010f",
        "type": "github"
      },
      "original": {
        "owner": "meelgroup",
        "ref": "master",
        "repo": "sbva",
        "type": "github"
      }
    },
    "sbva_4": {
      "inputs": {
        "nixpkgs": [
          "nixpkgs"
        ]
      },
      "locked": {
        "lastModified": 1750281996,
        "narHash": "sha256-/C1xwrqXpcVJZlfswEnA4APRv0l1XvKaai/IYiyXE0w=",
        "owner": "meelgroup",
        "repo": "sbva",
        "rev": "0faa08cf3cc26ed855831c9dc16a3489c9ae010f",
        "type": "github"
      },
      "original": {
        "owner": "meelgroup",
        "ref": "master",
        "repo": "sbva",
        "type": "github"
      }
    }
  },
  "root": "root",
  "version": 7
}
