{
  "nodes": {
    "approxmc": {
      "inputs": {
        "arjun": [
          "arjun"
        ],
        "cadiback": [
          "cadiback"
        ],
        "cryptominisat": [
          "cryptominisat"
        ],
        "evalmaxsat": [
          "evalmaxsat"
        ],
        "nixpkgs": [
          "nixpkgs"
        ],
        "sbva": [
          "sbva"
        ],
        "treedecomp": [
          "treedecomp"
        ]
      },
      "locked": {
        "lastModified": 1791580477,
        "narHash": "sha256-HQVEe8CzMsPi9xP0o/RP/nkv8e9latDD3mkAI+RN6iU=",
        "owner": "meelgroup",
        "repo": "approxmc",
        "rev": "2c32aec017ebc2f119891507b7da1544aaae64c6",
        "type": "github"
      },
      "original": {
        "owner": "meelgroup",
        "ref": "master",
        "repo": "approxmc",
        "type": "github"
      }
    },
    "arjun": {
      "inputs": {
        "cadiback": [
          "cadiback"
        ],
        "cadical": [
          "cadiback",
          "cadical"
        ],
        "cryptominisat": [
          "cryptominisat"
        ],
        "evalmaxsat": [
          "evalmaxsat"
        ],
        "nixpkgs": [
          "nixpkgs"
        ],
        "sbva": [
          "sbva"
        ],
        "treedecomp": [
          "treedecomp"
        ]
      },
      "locked": {
        "lastModified": 1791580422,
        "narHash": "sha256-UxyXsbA3BgIcyYpqAvvahtFslo6P1USxRbBA2Z/qjb0=",
        "owner": "meelgroup",
        "repo": "arjun",
        "rev": "dd6d29ddef805dacd8266e290f9dbe2e14970f20",
        "type": "github"
      },
      "original": {
        "owner": "meelgroup",
        "ref": "master",
        "repo": "arjun",
        "type": "github"
      }
    },
    "cadiback": {
      "inputs": {
        "cadical": "cadical",
        "nixpkgs": [
          "nixpkgs"
        ]
      },
      "locked": {
        "lastModified": 1790711306,
        "narHash": "sha256-tJiK0ZPDRzttVVYOs28F1xcKiDj/fcos7BkG1hpy6mk=",
        "owner": "meelgroup",
        "repo": "cadiback",
        "rev": "445ddc2f2b5e54421af64e0652c2eb8444175322",
        "type": "github"
      },
      "original": {
        "owner": "meelgroup",
        "ref": "main",
        "repo": "cadiback",
        "type": "github"
      }
    },
    "cadical": {
      "inputs": {
        "nixpkgs": [
          "cadiback",
          "nixpkgs"
        ]
      },
      "locked": {
        "lastModified": 1789247225,
        "narHash": "sha256-Ff8iH6CqMPdcqOSN6gjVqbJ1qKuHlwqrl/vW/nCtGPU=",
        "owner": "meelgroup",
        "repo": "cadical",
        "rev": "818c9562f114b315a9246ced943b66b60b38e8fb",
        "type": "github"
      },
      "original": {
        "owner": "meelgroup",
        "ref": "master",
        "repo": "cadical",
        "type": "github"
      }
    },
    "cryptominisat": {
      "inputs": {
        "cadiback": [
          "cadiback"
        ],
        "cadical": [
          "cryptominisat",
          "cadiback",
          "cadical"
        ],
        "nixpkgs": [
          "nixpkgs"
        ]
      },
      "locked": {
        "lastModified": 1791580346,
        "narHash": "sha256-+mUKaMvyDAD1EiLm1JYf0QUwHIaxMsKn+QMbxE7mb4A=",
        "owner": "msoos",
        "repo": "cryptominisat",
        "rev": "260e54cdfd13dce539dcc720b34a4b93bc796abb",
        "type": "github"
      },
      "original": {
        "owner": "msoos",
        "ref": "master",
        "repo": "cryptominisat",
        "type": "github"
      }
    },
    "evalmaxsat": {
      "inputs": {
        "nixpkgs": [
          "nixpkgs"
        ]
      },
      "locked": {
        "lastModified": 1775309014,
        "narHash": "sha256-2/JJzN1F/aUyTM8SjsnqLm23/cigOkx04B+IWjkiuCI=",
        "owner": "meelgroup",
        "repo": "EvalMaxSAT",
        "rev": "42903e519ee22ce51e6448f525874d9c6d1fc87a",
        "type": "github"
      },
      "original": {
        "owner": "meelgroup",
        "ref": "master",
        "repo": "EvalMaxSAT",
        "type": "github"
      }
    },
    "nixpkgs": {
      "locked": {
        "lastModified": 1772771118,
        "narHash": "sha256-xWzaTvmmACR/SRWtABgI/Z97lcqwJAeoSd5QW1KdK1s=",
        "owner": "nixos",
        "repo": "nixpkgs",
        "rev": "e38213b91d3786389a446dfce4ff5a8aaf6012f2",
        "type": "github"
      },
      "original": {
        "owner": "nixos",
        "ref": "nixpkgs-unstable",
        "repo": "nixpkgs",
        "type": "github"
      }
    },
    "root": {
      "inputs": {
        "approxmc": "approxmc",
        "arjun": "arjun",
        "cadiback": "cadiback",
        "cryptominisat": "cryptominisat",
        "evalmaxsat": "evalmaxsat",
        "nixpkgs": "nixpkgs",
        "sbva": "sbva",
        "treedecomp": "treedecomp"
      }
    },
    "sbva": {
      "inputs": {
        "nixpkgs": [
          "nixpkgs"
        ]
      },
      "locked": {
        "lastModified": 1789247225,
        "narHash": "sha256-Y6+UvQ4H0epBPuO2nuGSy6dak24yRQ+XsnxNxJGKu4Q=",
        "owner": "meelgroup",
        "repo": "sbva",
        "rev": "bf157b1fea71c155251d2991b5fe0de37c57efba",
        "type": "github"
      },
      "original": {
        "owner": "meelgroup",
        "ref": "master",
        "repo": "sbva",
        "type": "github"
      }
    },
    "treedecomp": {
      "inputs": {
        "nixpkgs": [
          "nixpkgs"
        ]
      },
      "locked": {
        "lastModified": 1790023060,
        "narHash": "sha256-dn9YaJARTMjwiiRdfTZqNJNJYc62Hl63TnDjcCJl8Fw=",
        "owner": "meelgroup",
        "repo": "treedecomp",
        "rev": "0495b40c220b0b97a0d7c8e8d86480b4060476a8",
        "type": "github"
      },
      "original": {
        "owner": "meelgroup",
        "ref": "main",
        "repo": "treedecomp",
        "type": "github"
      }
    }
  },
  "root": "root",
  "version": 7
}
